
Microsoft Visual Studio Solution File, Format Version 12.00
# Visual Studio Version 17
VisualStudioVersion = 17.7.34031.279
MinimumVisualStudioVersion = 10.0.40219.1
Project("{FAE04EC0-301F-11D3-BF4B-00C04F79EFBC}") = "StaffRegistrationPortal", "StaffRegistrationPortal.csproj", "{F40FEDDE-92C6-4DAF-95D0-EF379B3C7CAE}"
EndProject
Global
	GlobalSection(SolutionConfigurationPlatforms) = preSolution
		Debug|Any CPU = Debug|Any CPU
		Release|Any CPU = Release|Any CPU
	EndGlobalSection
	GlobalSection(ProjectConfigurationPlatforms) = postSolution
		{F40FEDDE-92C6-4DAF-95D0-EF379B3C7CAE}.Debug|Any CPU.ActiveCfg = Debug|Any CPU
		{F40FEDDE-92C6-4DAF-95D0-EF379B3C7CAE}.Debug|Any CPU.Build.0 = Debug|Any CPU
		{F40FEDDE-92C6-4DAF-95D0-EF379B3C7CAE}.Release|Any CPU.ActiveCfg = Release|Any CPU
		{F40FEDDE-92C6-4DAF-95D0-EF379B3C7CAE}.Release|Any CPU.Build.0 = Release|Any CPU
	EndGlobalSection
	GlobalSection(SolutionProperties) = preSolution
		HideSolutionNode = FALSE
	EndGlobalSection
	GlobalSection(ExtensibilityGlobals) = postSolution
		SolutionGuid = {2D6D26D7-D656-4FCF-B26A-EC5679BC6EC8}
	EndGlobalSection
EndGlobal
